
Microsoft Visual Studio Solution File, Format Version 12.00
# Visual Studio Version 16
VisualStudioVersion = 16.0.28922.388
MinimumVisualStudioVersion = 10.0.40219.1
Project("{9A19103F-16F7-4668-BE54-9A1E7A4F7556}") = "PuttyAI_Backend", "PuttyAI\PuttyAI_Backend.csproj", "{35023C14-6BFF-4379-AB34-65FF6E14DDBE}"
EndProject
Project("{9A19103F-16F7-4668-BE54-9A1E7A4F7556}") = "EmbeddSSHShell", "EmbeddSSHShell\EmbeddSSHShell.csproj", "{CB5A6221-F4AA-4A76-B139-A0236E0A420F}"
EndProject
Project("{9A19103F-16F7-4668-BE54-9A1E7A4F7556}") = "SimpleCSharpSSHShell", "..\YaShiCSharp\SimpleCSharpSSHShell\SimpleCSharpSSHShell\SimpleCSharpSSHShell.csproj", "{45281F94-ED74-4D34-BA83-5216D72D25A4}"
EndProject
Project("{9A19103F-16F7-4668-BE54-9A1E7A4F7556}") = "Renci.SshNet.NETCore", "..\YaShiCSharp\SSH.NET.Core.Slim\src\Renci.SshNet.NETCore\Renci.SshNet.NETCore.csproj", "{51098B17-5739-4DD5-925B-D10A0E6DDAB3}"
EndProject
Global
	GlobalSection(SolutionConfigurationPlatforms) = preSolution
		Debug|Any CPU = Debug|Any CPU
		Debug|x86 = Debug|x86
		Release|Any CPU = Release|Any CPU
		Release|x86 = Release|x86
	EndGlobalSection
	GlobalSection(ProjectConfigurationPlatforms) = postSolution
		{35023C14-6BFF-4379-AB34-65FF6E14DDBE}.Debug|Any CPU.ActiveCfg = Debug|Any CPU
		{35023C14-6BFF-4379-AB34-65FF6E14DDBE}.Debug|Any CPU.Build.0 = Debug|Any CPU
		{35023C14-6BFF-4379-AB34-65FF6E14DDBE}.Debug|x86.ActiveCfg = Debug|Any CPU
		{35023C14-6BFF-4379-AB34-65FF6E14DDBE}.Debug|x86.Build.0 = Debug|Any CPU
		{35023C14-6BFF-4379-AB34-65FF6E14DDBE}.Release|Any CPU.ActiveCfg = Release|Any CPU
		{35023C14-6BFF-4379-AB34-65FF6E14DDBE}.Release|Any CPU.Build.0 = Release|Any CPU
		{35023C14-6BFF-4379-AB34-65FF6E14DDBE}.Release|x86.ActiveCfg = Release|Any CPU
		{35023C14-6BFF-4379-AB34-65FF6E14DDBE}.Release|x86.Build.0 = Release|Any CPU
		{CB5A6221-F4AA-4A76-B139-A0236E0A420F}.Debug|Any CPU.ActiveCfg = Debug|Any CPU
		{CB5A6221-F4AA-4A76-B139-A0236E0A420F}.Debug|Any CPU.Build.0 = Debug|Any CPU
		{CB5A6221-F4AA-4A76-B139-A0236E0A420F}.Debug|x86.ActiveCfg = Debug|Any CPU
		{CB5A6221-F4AA-4A76-B139-A0236E0A420F}.Debug|x86.Build.0 = Debug|Any CPU
		{CB5A6221-F4AA-4A76-B139-A0236E0A420F}.Release|Any CPU.ActiveCfg = Release|Any CPU
		{CB5A6221-F4AA-4A76-B139-A0236E0A420F}.Release|Any CPU.Build.0 = Release|Any CPU
		{CB5A6221-F4AA-4A76-B139-A0236E0A420F}.Release|x86.ActiveCfg = Release|Any CPU
		{CB5A6221-F4AA-4A76-B139-A0236E0A420F}.Release|x86.Build.0 = Release|Any CPU
		{45281F94-ED74-4D34-BA83-5216D72D25A4}.Debug|Any CPU.ActiveCfg = Debug|Any CPU
		{45281F94-ED74-4D34-BA83-5216D72D25A4}.Debug|Any CPU.Build.0 = Debug|Any CPU
		{45281F94-ED74-4D34-BA83-5216D72D25A4}.Debug|x86.ActiveCfg = Debug|Any CPU
		{45281F94-ED74-4D34-BA83-5216D72D25A4}.Debug|x86.Build.0 = Debug|Any CPU
		{45281F94-ED74-4D34-BA83-5216D72D25A4}.Release|Any CPU.ActiveCfg = Release|Any CPU
		{45281F94-ED74-4D34-BA83-5216D72D25A4}.Release|Any CPU.Build.0 = Release|Any CPU
		{45281F94-ED74-4D34-BA83-5216D72D25A4}.Release|x86.ActiveCfg = Release|Any CPU
		{45281F94-ED74-4D34-BA83-5216D72D25A4}.Release|x86.Build.0 = Release|Any CPU
		{51098B17-5739-4DD5-925B-D10A0E6DDAB3}.Debug|Any CPU.ActiveCfg = Debug|Any CPU
		{51098B17-5739-4DD5-925B-D10A0E6DDAB3}.Debug|Any CPU.Build.0 = Debug|Any CPU
		{51098B17-5739-4DD5-925B-D10A0E6DDAB3}.Debug|x86.ActiveCfg = Debug|Any CPU
		{51098B17-5739-4DD5-925B-D10A0E6DDAB3}.Debug|x86.Build.0 = Debug|Any CPU
		{51098B17-5739-4DD5-925B-D10A0E6DDAB3}.Release|Any CPU.ActiveCfg = Release|Any CPU
		{51098B17-5739-4DD5-925B-D10A0E6DDAB3}.Release|Any CPU.Build.0 = Release|Any CPU
		{51098B17-5739-4DD5-925B-D10A0E6DDAB3}.Release|x86.ActiveCfg = Release|Any CPU
		{51098B17-5739-4DD5-925B-D10A0E6DDAB3}.Release|x86.Build.0 = Release|Any CPU
	EndGlobalSection
	GlobalSection(SolutionProperties) = preSolution
		HideSolutionNode = FALSE
	EndGlobalSection
	GlobalSection(ExtensibilityGlobals) = postSolution
		SolutionGuid = {3D272C55-CD94-4A49-8147-E565BE1E6826}
	EndGlobalSection
EndGlobal
